
Microsoft Visual Studio Solution File, Format Version 12.00
# Visual Studio Version 17
VisualStudioVersion = 17.7.34031.279
MinimumVisualStudioVersion = 10.0.40219.1
Project("{9A19103F-16F7-4668-BE54-9A1E7A4F7556}") = "SocialNetwork", "SocialNetwork\SocialNetwork.csproj", "{FCEF00BB-0852-4253-9087-EC53584E34D9}"
EndProject
Project("{2150E333-8FDC-42A3-9474-1A3956D46DE8}") = "Source", "Source", "{965ED495-D109-4625-8CD4-718F96702C91}"
EndProject
Project("{2150E333-8FDC-42A3-9474-1A3956D46DE8}") = "Core", "Core", "{3B5CA449-9DF7-4396-90C3-BBABB9107A70}"
EndProject
Project("{2150E333-8FDC-42A3-9474-1A3956D46DE8}") = "Infraestructure", "Infraestructure", "{DD7D3D76-891B-4C8D-8D7A-3071968F8536}"
EndProject
Project("{2150E333-8FDC-42A3-9474-1A3956D46DE8}") = "Presentation", "Presentation", "{E8A4D866-BB26-4D97-A46D-015ADBCF4FC5}"
EndProject
Project("{9A19103F-16F7-4668-BE54-9A1E7A4F7556}") = "SocialNetwork.Core.Domain", "SocialNetwork.Core.Domain\SocialNetwork.Core.Domain.csproj", "{4DEDF1AE-3874-44AA-A4D0-D6B1C41F053F}"
EndProject
Project("{9A19103F-16F7-4668-BE54-9A1E7A4F7556}") = "SocialNewtwork.Core.Application", "SocialNewtwork.Core.Application\SocialNewtwork.Core.Application.csproj", "{820821EE-14F9-414D-A64C-35D1361E5AA9}"
EndProject
Project("{9A19103F-16F7-4668-BE54-9A1E7A4F7556}") = "SocialNetwork.Infraestructure.Identity", "SocialNetwork.Infraestructure.Identity\SocialNetwork.Infraestructure.Identity.csproj", "{D2980FD8-872B-4C3A-84BA-04F145F574C8}"
EndProject
Project("{9A19103F-16F7-4668-BE54-9A1E7A4F7556}") = "SocialNetwork.Infraestructure.Persistence", "SocialNetwork.Infraestructure.Persistence\SocialNetwork.Infraestructure.Persistence.csproj", "{860A411D-8A5D-4CF3-9D93-387CB57EDCB4}"
EndProject
Project("{9A19103F-16F7-4668-BE54-9A1E7A4F7556}") = "SocialNetwork.Infraestructure.Shared", "SocialNetwork.Infraestructure.Shared\SocialNetwork.Infraestructure.Shared.csproj", "{CF8B0E0B-8B1F-4C29-9CB1-20F594C75B8F}"
EndProject
Project("{2150E333-8FDC-42A3-9474-1A3956D46DE8}") = "WebApp", "WebApp", "{7477D6FF-2AC0-473D-B1E5-EA6C9B189052}"
EndProject
Global
	GlobalSection(SolutionConfigurationPlatforms) = preSolution
		Debug|Any CPU = Debug|Any CPU
		Release|Any CPU = Release|Any CPU
	EndGlobalSection
	GlobalSection(ProjectConfigurationPlatforms) = postSolution
		{FCEF00BB-0852-4253-9087-EC53584E34D9}.Debug|Any CPU.ActiveCfg = Debug|Any CPU
		{FCEF00BB-0852-4253-9087-EC53584E34D9}.Debug|Any CPU.Build.0 = Debug|Any CPU
		{FCEF00BB-0852-4253-9087-EC53584E34D9}.Release|Any CPU.ActiveCfg = Release|Any CPU
		{FCEF00BB-0852-4253-9087-EC53584E34D9}.Release|Any CPU.Build.0 = Release|Any CPU
		{4DEDF1AE-3874-44AA-A4D0-D6B1C41F053F}.Debug|Any CPU.ActiveCfg = Debug|Any CPU
		{4DEDF1AE-3874-44AA-A4D0-D6B1C41F053F}.Debug|Any CPU.Build.0 = Debug|Any CPU
		{4DEDF1AE-3874-44AA-A4D0-D6B1C41F053F}.Release|Any CPU.ActiveCfg = Release|Any CPU
		{4DEDF1AE-3874-44AA-A4D0-D6B1C41F053F}.Release|Any CPU.Build.0 = Release|Any CPU
		{820821EE-14F9-414D-A64C-35D1361E5AA9}.Debug|Any CPU.ActiveCfg = Debug|Any CPU
		{820821EE-14F9-414D-A64C-35D1361E5AA9}.Debug|Any CPU.Build.0 = Debug|Any CPU
		{820821EE-14F9-414D-A64C-35D1361E5AA9}.Release|Any CPU.ActiveCfg = Release|Any CPU
		{820821EE-14F9-414D-A64C-35D1361E5AA9}.Release|Any CPU.Build.0 = Release|Any CPU
		{D2980FD8-872B-4C3A-84BA-04F145F574C8}.Debug|Any CPU.ActiveCfg = Debug|Any CPU
		{D2980FD8-872B-4C3A-84BA-04F145F574C8}.Debug|Any CPU.Build.0 = Debug|Any CPU
		{D2980FD8-872B-4C3A-84BA-04F145F574C8}.Release|Any CPU.ActiveCfg = Release|Any CPU
		{D2980FD8-872B-4C3A-84BA-04F145F574C8}.Release|Any CPU.Build.0 = Release|Any CPU
		{860A411D-8A5D-4CF3-9D93-387CB57EDCB4}.Debug|Any CPU.ActiveCfg = Debug|Any CPU
		{860A411D-8A5D-4CF3-9D93-387CB57EDCB4}.Debug|Any CPU.Build.0 = Debug|Any CPU
		{860A411D-8A5D-4CF3-9D93-387CB57EDCB4}.Release|Any CPU.ActiveCfg = Release|Any CPU
		{860A411D-8A5D-4CF3-9D93-387CB57EDCB4}.Release|Any CPU.Build.0 = Release|Any CPU
		{CF8B0E0B-8B1F-4C29-9CB1-20F594C75B8F}.Debug|Any CPU.ActiveCfg = Debug|Any CPU
		{CF8B0E0B-8B1F-4C29-9CB1-20F594C75B8F}.Debug|Any CPU.Build.0 = Debug|Any CPU
		{CF8B0E0B-8B1F-4C29-9CB1-20F594C75B8F}.Release|Any CPU.ActiveCfg = Release|Any CPU
		{CF8B0E0B-8B1F-4C29-9CB1-20F594C75B8F}.Release|Any CPU.Build.0 = Release|Any CPU
	EndGlobalSection
	GlobalSection(SolutionProperties) = preSolution
		HideSolutionNode = FALSE
	EndGlobalSection
	GlobalSection(NestedProjects) = preSolution
		{FCEF00BB-0852-4253-9087-EC53584E34D9} = {7477D6FF-2AC0-473D-B1E5-EA6C9B189052}
		{3B5CA449-9DF7-4396-90C3-BBABB9107A70} = {965ED495-D109-4625-8CD4-718F96702C91}
		{DD7D3D76-891B-4C8D-8D7A-3071968F8536} = {965ED495-D109-4625-8CD4-718F96702C91}
		{E8A4D866-BB26-4D97-A46D-015ADBCF4FC5} = {965ED495-D109-4625-8CD4-718F96702C91}
		{4DEDF1AE-3874-44AA-A4D0-D6B1C41F053F} = {3B5CA449-9DF7-4396-90C3-BBABB9107A70}
		{820821EE-14F9-414D-A64C-35D1361E5AA9} = {3B5CA449-9DF7-4396-90C3-BBABB9107A70}
		{D2980FD8-872B-4C3A-84BA-04F145F574C8} = {DD7D3D76-891B-4C8D-8D7A-3071968F8536}
		{860A411D-8A5D-4CF3-9D93-387CB57EDCB4} = {DD7D3D76-891B-4C8D-8D7A-3071968F8536}
		{CF8B0E0B-8B1F-4C29-9CB1-20F594C75B8F} = {DD7D3D76-891B-4C8D-8D7A-3071968F8536}
		{7477D6FF-2AC0-473D-B1E5-EA6C9B189052} = {E8A4D866-BB26-4D97-A46D-015ADBCF4FC5}
	EndGlobalSection
	GlobalSection(ExtensibilityGlobals) = postSolution
		SolutionGuid = {083949E9-ACF7-468E-9353-BB50F13DAEEC}
	EndGlobalSection
EndGlobal
